<?xml version="1.0" encoding="utf-8"?>
<Project ToolsVersion="4.0" xmlns="http://schemas.microsoft.com/developer/msbuild/2003">
  <ItemGroup>
    <Filter Include="源文件">
      <UniqueIdentifier>{4FC737F1-C7A5-4376-A066-2A32D752A2FF}</UniqueIdentifier>
      <Extensions>cpp;c;cc;cxx;def;odl;idl;hpj;bat;asm;asmx</Extensions>
    </Filter>
    <Filter Include="头文件">
      <UniqueIdentifier>{93995380-89BD-4b04-88EB-625FBE52EBFB}</UniqueIdentifier>
      <Extensions>h;hh;hpp;hxx;hm;inl;inc;ipp;xsd</Extensions>
    </Filter>
    <Filter Include="资源文件">
      <UniqueIdentifier>{67DA6AB6-F800-4c08-8B7A-83BB121AAD01}</UniqueIdentifier>
      <Extensions>rc;ico;cur;bmp;dlg;rc2;rct;bin;rgs;gif;jpg;jpeg;jpe;resx;tiff;tif;png;wav;mfcribbon-ms</Extensions>
    </Filter>
    <Filter Include="源文件\底层事件处理器">
      <UniqueIdentifier>{da60ae88-3130-42bc-a589-3826265be5e1}</UniqueIdentifier>
    </Filter>
    <Filter Include="源文件\入口函数">
      <UniqueIdentifier>{1f248004-4a0b-43d8-b5c3-ab38094bb7b1}</UniqueIdentifier>
    </Filter>
    <Filter Include="源文件\服务状态">
      <UniqueIdentifier>{d190c16f-d790-4b79-976a-80726a39b55c}</UniqueIdentifier>
    </Filter>
    <Filter Include="头文件\底层事件处理器">
      <UniqueIdentifier>{a9c26bb1-3e00-417a-adc7-676fcf1a186c}</UniqueIdentifier>
    </Filter>
    <Filter Include="源文件\API转发中间层">
      <UniqueIdentifier>{ded49be2-846d-4be3-ba08-a94d6bda6011}</UniqueIdentifier>
    </Filter>
    <Filter Include="头文件\API转发中间层">
      <UniqueIdentifier>{8a66d1aa-7201-4fc9-9e61-b2301e2a7228}</UniqueIdentifier>
    </Filter>
    <Filter Include="源文件\注册表读写">
      <UniqueIdentifier>{afff87d3-5f3e-4260-bd01-62c93a098689}</UniqueIdentifier>
    </Filter>
    <Filter Include="源文件\目录管理">
      <UniqueIdentifier>{216af931-71c2-403b-abf6-5b9c804abc5d}</UniqueIdentifier>
    </Filter>
    <Filter Include="头文件\目录管理">
      <UniqueIdentifier>{1beaf9fd-6bd3-48e6-acf1-5f318f7669ff}</UniqueIdentifier>
    </Filter>
    <Filter Include="头文件\注册表读写">
      <UniqueIdentifier>{3ebaaac6-e701-4feb-9dab-8962572d6101}</UniqueIdentifier>
    </Filter>
    <Filter Include="源文件\指令处理">
      <UniqueIdentifier>{2f777593-e2ae-4aa0-890c-b1a82ab81f02}</UniqueIdentifier>
    </Filter>
    <Filter Include="头文件\指令处理">
      <UniqueIdentifier>{9ed838b4-78d2-449d-947d-70a22b00351b}</UniqueIdentifier>
    </Filter>
    <Filter Include="源文件\指令回调">
      <UniqueIdentifier>{5e5ea7e6-8931-4697-ba78-d92c6e02c465}</UniqueIdentifier>
    </Filter>
    <Filter Include="源文件\指令回调\qwq">
      <UniqueIdentifier>{b2ebdbaa-b141-4f4b-bc67-b70ab188d006}</UniqueIdentifier>
    </Filter>
    <Filter Include="头文件\指令回调">
      <UniqueIdentifier>{c874d52d-244f-45d9-bbee-f2b61934a892}</UniqueIdentifier>
    </Filter>
    <Filter Include="源文件\指令回调\about">
      <UniqueIdentifier>{da5508af-109d-4ecc-940b-296bfb3abac4}</UniqueIdentifier>
    </Filter>
    <Filter Include="源文件\指令回调\coming_feature">
      <UniqueIdentifier>{dac781c0-6a22-4ace-9f68-6ed0d353d23e}</UniqueIdentifier>
    </Filter>
    <Filter Include="源文件\指令回调\help">
      <UniqueIdentifier>{f5c5e421-78b7-4f3d-a2a2-e6877ac63daa}</UniqueIdentifier>
    </Filter>
    <Filter Include="源文件\目录管理\用户目录管理">
      <UniqueIdentifier>{f7420c86-4e6f-4124-b9b9-e6ff6a7f8541}</UniqueIdentifier>
    </Filter>
    <Filter Include="源文件\简易沙盒">
      <UniqueIdentifier>{7c7c0bb6-fe90-40c8-8680-b9a3b21e623e}</UniqueIdentifier>
    </Filter>
    <Filter Include="源文件\会话管理">
      <UniqueIdentifier>{45930e49-1d64-402e-89cc-c1c26d8b3cc9}</UniqueIdentifier>
    </Filter>
    <Filter Include="头文件\会话管理">
      <UniqueIdentifier>{aef568cc-8fd3-4452-80cc-4c661b0efb8d}</UniqueIdentifier>
    </Filter>
    <Filter Include="头文件\简易沙盒">
      <UniqueIdentifier>{2afa450a-9ff2-455a-81f6-7a48a807963f}</UniqueIdentifier>
    </Filter>
    <Filter Include="源文件\指令回调\stop">
      <UniqueIdentifier>{abf01ef4-d057-40f8-b22a-71e554fbb242}</UniqueIdentifier>
    </Filter>
    <Filter Include="源文件\VBuffer">
      <UniqueIdentifier>{6077c956-fa43-41e5-9f76-21cabdd5a24d}</UniqueIdentifier>
    </Filter>
    <Filter Include="头文件\VBuffer">
      <UniqueIdentifier>{db5e04c9-90cf-4244-863e-17b209461514}</UniqueIdentifier>
    </Filter>
    <Filter Include="源文件\CQ码转义">
      <UniqueIdentifier>{42086f9b-6ce7-4fa6-bd1a-ee4317a8b75f}</UniqueIdentifier>
    </Filter>
    <Filter Include="头文件\CQ码转义">
      <UniqueIdentifier>{7a11dbcd-e4c2-4baa-a1a3-3e7055c0f861}</UniqueIdentifier>
    </Filter>
    <Filter Include="源文件\指令回调\q&amp;a">
      <UniqueIdentifier>{05f711d7-19b8-4a22-9e7d-54486fe7a4a9}</UniqueIdentifier>
    </Filter>
    <Filter Include="源文件\指令回调\run">
      <UniqueIdentifier>{e17d422f-60ea-480f-80b1-6485ce9ade16}</UniqueIdentifier>
    </Filter>
    <Filter Include="源文件\指令回调\猫猫">
      <UniqueIdentifier>{a910fb7a-664d-4868-a854-8f155f0197b2}</UniqueIdentifier>
    </Filter>
    <Filter Include="源文件\目录管理\群目录管理">
      <UniqueIdentifier>{92c2e432-2c2c-4141-b1cd-95a10e661ae6}</UniqueIdentifier>
    </Filter>
    <Filter Include="源文件\目录管理\指令目录管理">
      <UniqueIdentifier>{da54d1dc-da21-4d5f-9341-7be33e2e514b}</UniqueIdentifier>
    </Filter>
  </ItemGroup>
  <ItemGroup>
    <ClCompile Include="RecvEventHandler.c">
      <Filter>源文件\底层事件处理器</Filter>
    </ClCompile>
    <ClCompile Include="SendEventDispatch.c">
      <Filter>源文件\底层事件处理器</Filter>
    </ClCompile>
    <ClCompile Include="ServerMain.c">
      <Filter>源文件\入口函数</Filter>
    </ClCompile>
    <ClCompile Include="ServerState.c">
      <Filter>源文件\服务状态</Filter>
    </ClCompile>
    <ClCompile Include="APITransfer.c">
      <Filter>源文件\API转发中间层</Filter>
    </ClCompile>
    <ClCompile Include="RegisterRW.c">
      <Filter>源文件\注册表读写</Filter>
    </ClCompile>
    <ClCompile Include="DirManagement.c">
      <Filter>源文件\目录管理</Filter>
    </ClCompile>
    <ClCompile Include="CommandManager.c">
      <Filter>源文件\指令处理</Filter>
    </ClCompile>
    <ClCompile Include="InlineCommand.c">
      <Filter>源文件\指令回调</Filter>
    </ClCompile>
    <ClCompile Include="Command_qwq.c">
      <Filter>源文件\指令回调\qwq</Filter>
    </ClCompile>
    <ClCompile Include="Command_about.c">
      <Filter>源文件\指令回调\about</Filter>
    </ClCompile>
    <ClCompile Include="Command_commingfeature.c">
      <Filter>源文件\指令回调\coming_feature</Filter>
    </ClCompile>
    <ClCompile Include="Command_help.c">
      <Filter>源文件\指令回调\help</Filter>
    </ClCompile>
    <ClCompile Include="PerUserData.c">
      <Filter>源文件\目录管理\用户目录管理</Filter>
    </ClCompile>
    <ClCompile Include="Command_run.c">
      <Filter>源文件\指令回调\run</Filter>
    </ClCompile>
    <ClCompile Include="PerCommandData.c">
      <Filter>源文件\目录管理\指令目录管理</Filter>
    </ClCompile>
    <ClCompile Include="SimpleSandbox.c">
      <Filter>源文件\简易沙盒</Filter>
    </ClCompile>
    <ClCompile Include="SessionManage.c">
      <Filter>源文件\会话管理</Filter>
    </ClCompile>
    <ClCompile Include="Command_stop.c">
      <Filter>源文件\指令回调\stop</Filter>
    </ClCompile>
    <ClCompile Include="VBuffer.c">
      <Filter>源文件\VBuffer</Filter>
    </ClCompile>
    <ClCompile Include="RemoveCQEscapeChar.c">
      <Filter>源文件\CQ码转义</Filter>
    </ClCompile>
    <ClCompile Include="Command_q_and_a.c">
      <Filter>源文件\指令回调\q&amp;a</Filter>
    </ClCompile>
    <ClCompile Include="Command_cat.c">
      <Filter>源文件\指令回调\猫猫</Filter>
    </ClCompile>
    <ClCompile Include="PerGroupData.c">
      <Filter>源文件\目录管理\群目录管理</Filter>
    </ClCompile>
    <ClCompile Include="TokenManage.c">
      <Filter>源文件\目录管理</Filter>
    </ClCompile>
    <ClCompile Include="Command_savecode.c">
      <Filter>源文件\指令回调\run</Filter>
    </ClCompile>
    <ClCompile Include="Command_runcode.c">
      <Filter>源文件\指令回调\run</Filter>
    </ClCompile>
  </ItemGroup>
  <ItemGroup>
    <ClInclude Include="Global.h">
      <Filter>头文件</Filter>
    </ClInclude>
    <ClInclude Include="RecvEventHandler.h">
      <Filter>头文件\底层事件处理器</Filter>
    </ClInclude>
    <ClInclude Include="SendEventDispatch.h">
      <Filter>头文件\底层事件处理器</Filter>
    </ClInclude>
    <ClInclude Include="APITransfer.h">
      <Filter>头文件\API转发中间层</Filter>
    </ClInclude>
    <ClInclude Include="DirManagement.h">
      <Filter>头文件\目录管理</Filter>
    </ClInclude>
    <ClInclude Include="RegisterRW.h">
      <Filter>头文件\注册表读写</Filter>
    </ClInclude>
    <ClInclude Include="CommandManager.h">
      <Filter>头文件\指令处理</Filter>
    </ClInclude>
    <ClInclude Include="InlineCommand.h">
      <Filter>头文件\指令回调</Filter>
    </ClInclude>
    <ClInclude Include="CommandEvent.h">
      <Filter>头文件\指令回调</Filter>
    </ClInclude>
    <ClInclude Include="SessionManage.h">
      <Filter>头文件\会话管理</Filter>
    </ClInclude>
    <ClInclude Include="SimpleSandbox.h">
      <Filter>头文件\简易沙盒</Filter>
    </ClInclude>
    <ClInclude Include="VBuffer.h">
      <Filter>头文件\VBuffer</Filter>
    </ClInclude>
    <ClInclude Include="RemoveCQEscapeChar.h">
      <Filter>头文件\CQ码转义</Filter>
    </ClInclude>
  </ItemGroup>
</Project>