<?xml version="1.0" encoding="utf-8"?>
<Project ToolsVersion="4.0" xmlns="http://schemas.microsoft.com/developer/msbuild/2003">
  <ItemGroup>
    <Filter Include="源文件">
      <UniqueIdentifier>{4FC737F1-C7A5-4376-A066-2A32D752A2FF}</UniqueIdentifier>
      <Extensions>cpp;c;cc;cxx;def;odl;idl;hpj;bat;asm;asmx</Extensions>
    </Filter>
    <Filter Include="头文件">
      <UniqueIdentifier>{93995380-89BD-4b04-88EB-625FBE52EBFB}</UniqueIdentifier>
      <Extensions>h;hh;hpp;hxx;hm;inl;inc;ipp;xsd</Extensions>
    </Filter>
    <Filter Include="资源文件">
      <UniqueIdentifier>{67DA6AB6-F800-4c08-8B7A-83BB121AAD01}</UniqueIdentifier>
      <Extensions>rc;ico;cur;bmp;dlg;rc2;rct;bin;rgs;gif;jpg;jpeg;jpe;resx;tiff;tif;png;wav;mfcribbon-ms</Extensions>
    </Filter>
    <Filter Include="源文件\底层事件处理器">
      <UniqueIdentifier>{da60ae88-3130-42bc-a589-3826265be5e1}</UniqueIdentifier>
    </Filter>
    <Filter Include="源文件\入口函数">
      <UniqueIdentifier>{1f248004-4a0b-43d8-b5c3-ab38094bb7b1}</UniqueIdentifier>
    </Filter>
    <Filter Include="源文件\服务状态">
      <UniqueIdentifier>{d190c16f-d790-4b79-976a-80726a39b55c}</UniqueIdentifier>
    </Filter>
    <Filter Include="头文件\底层事件处理器">
      <UniqueIdentifier>{a9c26bb1-3e00-417a-adc7-676fcf1a186c}</UniqueIdentifier>
    </Filter>
    <Filter Include="源文件\API转发中间层">
      <UniqueIdentifier>{ded49be2-846d-4be3-ba08-a94d6bda6011}</UniqueIdentifier>
    </Filter>
    <Filter Include="头文件\API转发中间层">
      <UniqueIdentifier>{8a66d1aa-7201-4fc9-9e61-b2301e2a7228}</UniqueIdentifier>
    </Filter>
    <Filter Include="源文件\注册表读写">
      <UniqueIdentifier>{afff87d3-5f3e-4260-bd01-62c93a098689}</UniqueIdentifier>
    </Filter>
    <Filter Include="源文件\目录管理">
      <UniqueIdentifier>{216af931-71c2-403b-abf6-5b9c804abc5d}</UniqueIdentifier>
    </Filter>
    <Filter Include="头文件\目录管理">
      <UniqueIdentifier>{1beaf9fd-6bd3-48e6-acf1-5f318f7669ff}</UniqueIdentifier>
    </Filter>
    <Filter Include="头文件\注册表读写">
      <UniqueIdentifier>{3ebaaac6-e701-4feb-9dab-8962572d6101}</UniqueIdentifier>
    </Filter>
    <Filter Include="源文件\指令处理">
      <UniqueIdentifier>{2f777593-e2ae-4aa0-890c-b1a82ab81f02}</UniqueIdentifier>
    </Filter>
    <Filter Include="头文件\指令处理">
      <UniqueIdentifier>{9ed838b4-78d2-449d-947d-70a22b00351b}</UniqueIdentifier>
    </Filter>
    <Filter Include="源文件\指令回调">
      <UniqueIdentifier>{5e5ea7e6-8931-4697-ba78-d92c6e02c465}</UniqueIdentifier>
    </Filter>
    <Filter Include="源文件\指令回调\qwq">
      <UniqueIdentifier>{b2ebdbaa-b141-4f4b-bc67-b70ab188d006}</UniqueIdentifier>
    </Filter>
    <Filter Include="头文件\指令回调">
      <UniqueIdentifier>{c874d52d-244f-45d9-bbee-f2b61934a892}</UniqueIdentifier>
    </Filter>
    <Filter Include="源文件\指令回调\about">
      <UniqueIdentifier>{da5508af-109d-4ecc-940b-296bfb3abac4}</UniqueIdentifier>
    </Filter>
    <Filter Include="源文件\指令回调\coming_feature">
      <UniqueIdentifier>{dac781c0-6a22-4ace-9f68-6ed0d353d23e}</UniqueIdentifier>
    </Filter>
    <Filter Include="源文件\指令回调\help">
      <UniqueIdentifier>{f5c5e421-78b7-4f3d-a2a2-e6877ac63daa}</UniqueIdentifier>
    </Filter>
    <Filter Include="源文件\指令回调\run">
      <UniqueIdentifier>{e17d422f-60ea-480f-80b1-6485ce9ade16}</UniqueIdentifier>
    </Filter>
    <Filter Include="源文件\目录管理\用户目录管理">
      <UniqueIdentifier>{f7420c86-4e6f-4124-b9b9-e6ff6a7f8541}</UniqueIdentifier>
    </Filter>
    <Filter Include="源文件\目录管理\指令目录管理">
      <UniqueIdentifier>{da54d1dc-da21-4d5f-9341-7be33e2e514b}</UniqueIdentifier>
    </Filter>
  </ItemGroup>
  <ItemGroup>
    <ClCompile Include="RecvEventHandler.c">
      <Filter>源文件\底层事件处理器</Filter>
    </ClCompile>
    <ClCompile Include="SendEventDispatch.c">
      <Filter>源文件\底层事件处理器</Filter>
    </ClCompile>
    <ClCompile Include="ServerMain.c">
      <Filter>源文件\入口函数</Filter>
    </ClCompile>
    <ClCompile Include="ServerState.c">
      <Filter>源文件\服务状态</Filter>
    </ClCompile>
    <ClCompile Include="APITransfer.c">
      <Filter>源文件\API转发中间层</Filter>
    </ClCompile>
    <ClCompile Include="RegisterRW.c">
      <Filter>源文件\注册表读写</Filter>
    </ClCompile>
    <ClCompile Include="DirManagement.c">
      <Filter>源文件\目录管理</Filter>
    </ClCompile>
    <ClCompile Include="CommandManager.c">
      <Filter>源文件\指令处理</Filter>
    </ClCompile>
    <ClCompile Include="InlineCommand.c">
      <Filter>源文件\指令回调</Filter>
    </ClCompile>
    <ClCompile Include="Command_qwq.c">
      <Filter>源文件\指令回调\qwq</Filter>
    </ClCompile>
    <ClCompile Include="Command_about.c">
      <Filter>源文件\指令回调\about</Filter>
    </ClCompile>
    <ClCompile Include="Command_commingfeature.c">
      <Filter>源文件\指令回调\coming_feature</Filter>
    </ClCompile>
    <ClCompile Include="Command_help.c">
      <Filter>源文件\指令回调\help</Filter>
    </ClCompile>
    <ClCompile Include="PerUserData.c">
      <Filter>源文件\目录管理\用户目录管理</Filter>
    </ClCompile>
    <ClCompile Include="Command_run.c">
      <Filter>源文件\指令回调\run</Filter>
    </ClCompile>
    <ClCompile Include="PerCommandData.c">
      <Filter>源文件\目录管理\指令目录管理</Filter>
    </ClCompile>
  </ItemGroup>
  <ItemGroup>
    <ClInclude Include="Global.h">
      <Filter>头文件</Filter>
    </ClInclude>
    <ClInclude Include="RecvEventHandler.h">
      <Filter>头文件\底层事件处理器</Filter>
    </ClInclude>
    <ClInclude Include="SendEventDispatch.h">
      <Filter>头文件\底层事件处理器</Filter>
    </ClInclude>
    <ClInclude Include="APITransfer.h">
      <Filter>头文件\API转发中间层</Filter>
    </ClInclude>
    <ClInclude Include="DirManagement.h">
      <Filter>头文件\目录管理</Filter>
    </ClInclude>
    <ClInclude Include="RegisterRW.h">
      <Filter>头文件\注册表读写</Filter>
    </ClInclude>
    <ClInclude Include="CommandManager.h">
      <Filter>头文件\指令处理</Filter>
    </ClInclude>
    <ClInclude Include="InlineCommand.h">
      <Filter>头文件\指令回调</Filter>
    </ClInclude>
    <ClInclude Include="CommandEvent.h">
      <Filter>头文件\指令回调</Filter>
    </ClInclude>
  </ItemGroup>
</Project>